
Microsoft Visual Studio Solution File, Format Version 12.00
# Visual Studio Version 17
VisualStudioVersion = 17.12.35521.163 d17.12
MinimumVisualStudioVersion = 10.0.40219.1
Project("{FAE04EC0-301F-11D3-BF4B-00C04F79EFBC}") = "AdminPanelReal1.Server", "AdminPanelReal1.Server\AdminPanelReal1.Server.csproj", "{289F2899-A1F0-46F4-85ED-51899F9D3417}"
EndProject
Project("{54A90642-561A-4BB1-A94E-469ADEE60C69}") = "adminpanelreal1.client", "adminpanelreal1.client\adminpanelreal1.client.esproj", "{36DA6A4E-B015-4745-B42E-4C45735DC059}"
EndProject
Global
	GlobalSection(SolutionConfigurationPlatforms) = preSolution
		Debug|Any CPU = Debug|Any CPU
		Release|Any CPU = Release|Any CPU
	EndGlobalSection
	GlobalSection(ProjectConfigurationPlatforms) = postSolution
		{289F2899-A1F0-46F4-85ED-51899F9D3417}.Debug|Any CPU.ActiveCfg = Debug|Any CPU
		{289F2899-A1F0-46F4-85ED-51899F9D3417}.Debug|Any CPU.Build.0 = Debug|Any CPU
		{289F2899-A1F0-46F4-85ED-51899F9D3417}.Release|Any CPU.ActiveCfg = Release|Any CPU
		{289F2899-A1F0-46F4-85ED-51899F9D3417}.Release|Any CPU.Build.0 = Release|Any CPU
		{36DA6A4E-B015-4745-B42E-4C45735DC059}.Debug|Any CPU.ActiveCfg = Debug|Any CPU
		{36DA6A4E-B015-4745-B42E-4C45735DC059}.Debug|Any CPU.Build.0 = Debug|Any CPU
		{36DA6A4E-B015-4745-B42E-4C45735DC059}.Debug|Any CPU.Deploy.0 = Debug|Any CPU
		{36DA6A4E-B015-4745-B42E-4C45735DC059}.Release|Any CPU.ActiveCfg = Release|Any CPU
		{36DA6A4E-B015-4745-B42E-4C45735DC059}.Release|Any CPU.Build.0 = Release|Any CPU
		{36DA6A4E-B015-4745-B42E-4C45735DC059}.Release|Any CPU.Deploy.0 = Release|Any CPU
	EndGlobalSection
	GlobalSection(SolutionProperties) = preSolution
		HideSolutionNode = FALSE
	EndGlobalSection
EndGlobal
